
Microsoft Visual Studio Solution File, Format Version 12.00
# Visual Studio 15
VisualStudioVersion = 15.0.28010.2026
MinimumVisualStudioVersion = 10.0.40219.1
Project("{9A19103F-16F7-4668-BE54-9A1E7A4F7556}") = "WebApiNetCore2Demo", "WebApiNetCore2Demo\WebApiNetCore2Demo.csproj", "{DBDB0E2D-895A-4319-BBB1-C622A636BC24}"
EndProject
Global
	GlobalSection(SolutionConfigurationPlatforms) = preSolution
		Debug|Any CPU = Debug|Any CPU
		Release|Any CPU = Release|Any CPU
	EndGlobalSection
	GlobalSection(ProjectConfigurationPlatforms) = postSolution
		{DBDB0E2D-895A-4319-BBB1-C622A636BC24}.Debug|Any CPU.ActiveCfg = Debug|Any CPU
		{DBDB0E2D-895A-4319-BBB1-C622A636BC24}.Debug|Any CPU.Build.0 = Debug|Any CPU
		{DBDB0E2D-895A-4319-BBB1-C622A636BC24}.Release|Any CPU.ActiveCfg = Release|Any CPU
		{DBDB0E2D-895A-4319-BBB1-C622A636BC24}.Release|Any CPU.Build.0 = Release|Any CPU
	EndGlobalSection
	GlobalSection(SolutionProperties) = preSolution
		HideSolutionNode = FALSE
	EndGlobalSection
	GlobalSection(ExtensibilityGlobals) = postSolution
		SolutionGuid = {5DF126FC-1C98-4820-943E-E50F186FBCAB}
	EndGlobalSection
EndGlobal
